
Microsoft Visual Studio Solution File, Format Version 12.00
# Visual Studio 14
VisualStudioVersion = 14.0.25420.1
MinimumVisualStudioVersion = 10.0.40219.1
Project("{FAE04EC0-301F-11D3-BF4B-00C04F79EFBC}") = "XamarinFormsRssFeed", "XamarinFormsRssFeed\XamarinFormsRssFeed\XamarinFormsRssFeed.csproj", "{4F353495-9DDD-406F-833C-786A39F8A0AC}"
EndProject
Project("{FAE04EC0-301F-11D3-BF4B-00C04F79EFBC}") = "XamarinFormsRssFeed.iOS", "XamarinFormsRssFeed\XamarinFormsRssFeed.iOS\XamarinFormsRssFeed.iOS.csproj", "{0D7A5D94-6F69-42F8-8668-EBAC305CF922}"
EndProject
Project("{FAE04EC0-301F-11D3-BF4B-00C04F79EFBC}") = "XamarinFormsRssFeed.Android", "XamarinFormsRssFeed.Android\XamarinFormsRssFeed.Android.csproj", "{7E48694A-2B41-40AE-A009-2447E4B6D070}"
EndProject
Global
	GlobalSection(SolutionConfigurationPlatforms) = preSolution
		Ad-Hoc|Any CPU = Ad-Hoc|Any CPU
		Ad-Hoc|ARM = Ad-Hoc|ARM
		Ad-Hoc|iPhone = Ad-Hoc|iPhone
		Ad-Hoc|iPhoneSimulator = Ad-Hoc|iPhoneSimulator
		Ad-Hoc|x64 = Ad-Hoc|x64
		Ad-Hoc|x86 = Ad-Hoc|x86
		AppStore|Any CPU = AppStore|Any CPU
		AppStore|ARM = AppStore|ARM
		AppStore|iPhone = AppStore|iPhone
		AppStore|iPhoneSimulator = AppStore|iPhoneSimulator
		AppStore|x64 = AppStore|x64
		AppStore|x86 = AppStore|x86
		Debug|Any CPU = Debug|Any CPU
		Debug|ARM = Debug|ARM
		Debug|iPhone = Debug|iPhone
		Debug|iPhoneSimulator = Debug|iPhoneSimulator
		Debug|x64 = Debug|x64
		Debug|x86 = Debug|x86
		Release|Any CPU = Release|Any CPU
		Release|ARM = Release|ARM
		Release|iPhone = Release|iPhone
		Release|iPhoneSimulator = Release|iPhoneSimulator
		Release|x64 = Release|x64
		Release|x86 = Release|x86
	EndGlobalSection
	GlobalSection(ProjectConfigurationPlatforms) = postSolution
		{4F353495-9DDD-406F-833C-786A39F8A0AC}.Ad-Hoc|Any CPU.ActiveCfg = Release|Any CPU
		{4F353495-9DDD-406F-833C-786A39F8A0AC}.Ad-Hoc|Any CPU.Build.0 = Release|Any CPU
		{4F353495-9DDD-406F-833C-786A39F8A0AC}.Ad-Hoc|Any CPU.Deploy.0 = Release|Any CPU
		{4F353495-9DDD-406F-833C-786A39F8A0AC}.Ad-Hoc|ARM.ActiveCfg = Release|Any CPU
		{4F353495-9DDD-406F-833C-786A39F8A0AC}.Ad-Hoc|ARM.Build.0 = Release|Any CPU
		{4F353495-9DDD-406F-833C-786A39F8A0AC}.Ad-Hoc|ARM.Deploy.0 = Release|Any CPU
		{4F353495-9DDD-406F-833C-786A39F8A0AC}.Ad-Hoc|iPhone.ActiveCfg = Release|Any CPU
		{4F353495-9DDD-406F-833C-786A39F8A0AC}.Ad-Hoc|iPhone.Build.0 = Release|Any CPU
		{4F353495-9DDD-406F-833C-786A39F8A0AC}.Ad-Hoc|iPhone.Deploy.0 = Release|Any CPU
		{4F353495-9DDD-406F-833C-786A39F8A0AC}.Ad-Hoc|iPhoneSimulator.ActiveCfg = Release|Any CPU
		{4F353495-9DDD-406F-833C-786A39F8A0AC}.Ad-Hoc|iPhoneSimulator.Build.0 = Release|Any CPU
		{4F353495-9DDD-406F-833C-786A39F8A0AC}.Ad-Hoc|iPhoneSimulator.Deploy.0 = Release|Any CPU
		{4F353495-9DDD-406F-833C-786A39F8A0AC}.Ad-Hoc|x64.ActiveCfg = Release|Any CPU
		{4F353495-9DDD-406F-833C-786A39F8A0AC}.Ad-Hoc|x64.Build.0 = Release|Any CPU
		{4F353495-9DDD-406F-833C-786A39F8A0AC}.Ad-Hoc|x64.Deploy.0 = Release|Any CPU
		{4F353495-9DDD-406F-833C-786A39F8A0AC}.Ad-Hoc|x86.ActiveCfg = Release|Any CPU
		{4F353495-9DDD-406F-833C-786A39F8A0AC}.Ad-Hoc|x86.Build.0 = Release|Any CPU
		{4F353495-9DDD-406F-833C-786A39F8A0AC}.Ad-Hoc|x86.Deploy.0 = Release|Any CPU
		{4F353495-9DDD-406F-833C-786A39F8A0AC}.AppStore|Any CPU.ActiveCfg = Release|Any CPU
		{4F353495-9DDD-406F-833C-786A39F8A0AC}.AppStore|Any CPU.Build.0 = Release|Any CPU
		{4F353495-9DDD-406F-833C-786A39F8A0AC}.AppStore|Any CPU.Deploy.0 = Release|Any CPU
		{4F353495-9DDD-406F-833C-786A39F8A0AC}.AppStore|ARM.ActiveCfg = Release|Any CPU
		{4F353495-9DDD-406F-833C-786A39F8A0AC}.AppStore|ARM.Build.0 = Release|Any CPU
		{4F353495-9DDD-406F-833C-786A39F8A0AC}.AppStore|ARM.Deploy.0 = Release|Any CPU
		{4F353495-9DDD-406F-833C-786A39F8A0AC}.AppStore|iPhone.ActiveCfg = Release|Any CPU
		{4F353495-9DDD-406F-833C-786A39F8A0AC}.AppStore|iPhone.Build.0 = Release|Any CPU
		{4F353495-9DDD-406F-833C-786A39F8A0AC}.AppStore|iPhone.Deploy.0 = Release|Any CPU
		{4F353495-9DDD-406F-833C-786A39F8A0AC}.AppStore|iPhoneSimulator.ActiveCfg = Release|Any CPU
		{4F353495-9DDD-406F-833C-786A39F8A0AC}.AppStore|iPhoneSimulator.Build.0 = Release|Any CPU
		{4F353495-9DDD-406F-833C-786A39F8A0AC}.AppStore|iPhoneSimulator.Deploy.0 = Release|Any CPU
		{4F353495-9DDD-406F-833C-786A39F8A0AC}.AppStore|x64.ActiveCfg = Release|Any CPU
		{4F353495-9DDD-406F-833C-786A39F8A0AC}.AppStore|x64.Build.0 = Release|Any CPU
		{4F353495-9DDD-406F-833C-786A39F8A0AC}.AppStore|x64.Deploy.0 = Release|Any CPU
		{4F353495-9DDD-406F-833C-786A39F8A0AC}.AppStore|x86.ActiveCfg = Release|Any CPU
		{4F353495-9DDD-406F-833C-786A39F8A0AC}.AppStore|x86.Build.0 = Release|Any CPU
		{4F353495-9DDD-406F-833C-786A39F8A0AC}.AppStore|x86.Deploy.0 = Release|Any CPU
		{4F353495-9DDD-406F-833C-786A39F8A0AC}.Debug|Any CPU.ActiveCfg = Debug|Any CPU
		{4F353495-9DDD-406F-833C-786A39F8A0AC}.Debug|Any CPU.Build.0 = Debug|Any CPU
		{4F353495-9DDD-406F-833C-786A39F8A0AC}.Debug|Any CPU.Deploy.0 = Debug|Any CPU
		{4F353495-9DDD-406F-833C-786A39F8A0AC}.Debug|ARM.ActiveCfg = Debug|Any CPU
		{4F353495-9DDD-406F-833C-786A39F8A0AC}.Debug|ARM.Build.0 = Debug|Any CPU
		{4F353495-9DDD-406F-833C-786A39F8A0AC}.Debug|ARM.Deploy.0 = Debug|Any CPU
		{4F353495-9DDD-406F-833C-786A39F8A0AC}.Debug|iPhone.ActiveCfg = Debug|Any CPU
		{4F353495-9DDD-406F-833C-786A39F8A0AC}.Debug|iPhone.Build.0 = Debug|Any CPU
		{4F353495-9DDD-406F-833C-786A39F8A0AC}.Debug|iPhone.Deploy.0 = Debug|Any CPU
		{4F353495-9DDD-406F-833C-786A39F8A0AC}.Debug|iPhoneSimulator.ActiveCfg = Debug|Any CPU
		{4F353495-9DDD-406F-833C-786A39F8A0AC}.Debug|iPhoneSimulator.Build.0 = Debug|Any CPU
		{4F353495-9DDD-406F-833C-786A39F8A0AC}.Debug|iPhoneSimulator.Deploy.0 = Debug|Any CPU
		{4F353495-9DDD-406F-833C-786A39F8A0AC}.Debug|x64.ActiveCfg = Debug|Any CPU
		{4F353495-9DDD-406F-833C-786A39F8A0AC}.Debug|x64.Build.0 = Debug|Any CPU
		{4F353495-9DDD-406F-833C-786A39F8A0AC}.Debug|x64.Deploy.0 = Debug|Any CPU
		{4F353495-9DDD-406F-833C-786A39F8A0AC}.Debug|x86.ActiveCfg = Debug|Any CPU
		{4F353495-9DDD-406F-833C-786A39F8A0AC}.Debug|x86.Build.0 = Debug|Any CPU
		{4F353495-9DDD-406F-833C-786A39F8A0AC}.Debug|x86.Deploy.0 = Debug|Any CPU
		{4F353495-9DDD-406F-833C-786A39F8A0AC}.Release|Any CPU.ActiveCfg = Release|Any CPU
		{4F353495-9DDD-406F-833C-786A39F8A0AC}.Release|Any CPU.Build.0 = Release|Any CPU
		{4F353495-9DDD-406F-833C-786A39F8A0AC}.Release|Any CPU.Deploy.0 = Release|Any CPU
		{4F353495-9DDD-406F-833C-786A39F8A0AC}.Release|ARM.ActiveCfg = Release|Any CPU
		{4F353495-9DDD-406F-833C-786A39F8A0AC}.Release|ARM.Build.0 = Release|Any CPU
		{4F353495-9DDD-406F-833C-786A39F8A0AC}.Release|ARM.Deploy.0 = Release|Any CPU
		{4F353495-9DDD-406F-833C-786A39F8A0AC}.Release|iPhone.ActiveCfg = Release|Any CPU
		{4F353495-9DDD-406F-833C-786A39F8A0AC}.Release|iPhone.Build.0 = Release|Any CPU
		{4F353495-9DDD-406F-833C-786A39F8A0AC}.Release|iPhone.Deploy.0 = Release|Any CPU
		{4F353495-9DDD-406F-833C-786A39F8A0AC}.Release|iPhoneSimulator.ActiveCfg = Release|Any CPU
		{4F353495-9DDD-406F-833C-786A39F8A0AC}.Release|iPhoneSimulator.Build.0 = Release|Any CPU
		{4F353495-9DDD-406F-833C-786A39F8A0AC}.Release|iPhoneSimulator.Deploy.0 = Release|Any CPU
		{4F353495-9DDD-406F-833C-786A39F8A0AC}.Release|x64.ActiveCfg = Release|Any CPU
		{4F353495-9DDD-406F-833C-786A39F8A0AC}.Release|x64.Build.0 = Release|Any CPU
		{4F353495-9DDD-406F-833C-786A39F8A0AC}.Release|x64.Deploy.0 = Release|Any CPU
		{4F353495-9DDD-406F-833C-786A39F8A0AC}.Release|x86.ActiveCfg = Release|Any CPU
		{4F353495-9DDD-406F-833C-786A39F8A0AC}.Release|x86.Build.0 = Release|Any CPU
		{4F353495-9DDD-406F-833C-786A39F8A0AC}.Release|x86.Deploy.0 = Release|Any CPU
		{0D7A5D94-6F69-42F8-8668-EBAC305CF922}.Ad-Hoc|Any CPU.ActiveCfg = Ad-Hoc|iPhone
		{0D7A5D94-6F69-42F8-8668-EBAC305CF922}.Ad-Hoc|Any CPU.Build.0 = Ad-Hoc|iPhone
		{0D7A5D94-6F69-42F8-8668-EBAC305CF922}.Ad-Hoc|Any CPU.Deploy.0 = Ad-Hoc|iPhone
		{0D7A5D94-6F69-42F8-8668-EBAC305CF922}.Ad-Hoc|ARM.ActiveCfg = Ad-Hoc|iPhone
		{0D7A5D94-6F69-42F8-8668-EBAC305CF922}.Ad-Hoc|ARM.Build.0 = Ad-Hoc|iPhone
		{0D7A5D94-6F69-42F8-8668-EBAC305CF922}.Ad-Hoc|ARM.Deploy.0 = Ad-Hoc|iPhone
		{0D7A5D94-6F69-42F8-8668-EBAC305CF922}.Ad-Hoc|iPhone.ActiveCfg = Ad-Hoc|iPhone
		{0D7A5D94-6F69-42F8-8668-EBAC305CF922}.Ad-Hoc|iPhone.Build.0 = Ad-Hoc|iPhone
		{0D7A5D94-6F69-42F8-8668-EBAC305CF922}.Ad-Hoc|iPhone.Deploy.0 = Ad-Hoc|iPhone
		{0D7A5D94-6F69-42F8-8668-EBAC305CF922}.Ad-Hoc|iPhoneSimulator.ActiveCfg = Ad-Hoc|iPhoneSimulator
		{0D7A5D94-6F69-42F8-8668-EBAC305CF922}.Ad-Hoc|iPhoneSimulator.Build.0 = Ad-Hoc|iPhoneSimulator
		{0D7A5D94-6F69-42F8-8668-EBAC305CF922}.Ad-Hoc|iPhoneSimulator.Deploy.0 = Ad-Hoc|iPhoneSimulator
		{0D7A5D94-6F69-42F8-8668-EBAC305CF922}.Ad-Hoc|x64.ActiveCfg = Ad-Hoc|iPhone
		{0D7A5D94-6F69-42F8-8668-EBAC305CF922}.Ad-Hoc|x64.Build.0 = Ad-Hoc|iPhone
		{0D7A5D94-6F69-42F8-8668-EBAC305CF922}.Ad-Hoc|x64.Deploy.0 = Ad-Hoc|iPhone
		{0D7A5D94-6F69-42F8-8668-EBAC305CF922}.Ad-Hoc|x86.ActiveCfg = Ad-Hoc|iPhone
		{0D7A5D94-6F69-42F8-8668-EBAC305CF922}.Ad-Hoc|x86.Build.0 = Ad-Hoc|iPhone
		{0D7A5D94-6F69-42F8-8668-EBAC305CF922}.Ad-Hoc|x86.Deploy.0 = Ad-Hoc|iPhone
		{0D7A5D94-6F69-42F8-8668-EBAC305CF922}.AppStore|Any CPU.ActiveCfg = AppStore|iPhone
		{0D7A5D94-6F69-42F8-8668-EBAC305CF922}.AppStore|Any CPU.Build.0 = AppStore|iPhone
		{0D7A5D94-6F69-42F8-8668-EBAC305CF922}.AppStore|Any CPU.Deploy.0 = AppStore|iPhone
		{0D7A5D94-6F69-42F8-8668-EBAC305CF922}.AppStore|ARM.ActiveCfg = AppStore|iPhone
		{0D7A5D94-6F69-42F8-8668-EBAC305CF922}.AppStore|ARM.Build.0 = AppStore|iPhone
		{0D7A5D94-6F69-42F8-8668-EBAC305CF922}.AppStore|ARM.Deploy.0 = AppStore|iPhone
		{0D7A5D94-6F69-42F8-8668-EBAC305CF922}.AppStore|iPhone.ActiveCfg = AppStore|iPhone
		{0D7A5D94-6F69-42F8-8668-EBAC305CF922}.AppStore|iPhone.Build.0 = AppStore|iPhone
		{0D7A5D94-6F69-42F8-8668-EBAC305CF922}.AppStore|iPhone.Deploy.0 = AppStore|iPhone
		{0D7A5D94-6F69-42F8-8668-EBAC305CF922}.AppStore|iPhoneSimulator.ActiveCfg = AppStore|iPhoneSimulator
		{0D7A5D94-6F69-42F8-8668-EBAC305CF922}.AppStore|iPhoneSimulator.Build.0 = AppStore|iPhoneSimulator
		{0D7A5D94-6F69-42F8-8668-EBAC305CF922}.AppStore|iPhoneSimulator.Deploy.0 = AppStore|iPhoneSimulator
		{0D7A5D94-6F69-42F8-8668-EBAC305CF922}.AppStore|x64.ActiveCfg = AppStore|iPhone
		{0D7A5D94-6F69-42F8-8668-EBAC305CF922}.AppStore|x64.Build.0 = AppStore|iPhone
		{0D7A5D94-6F69-42F8-8668-EBAC305CF922}.AppStore|x64.Deploy.0 = AppStore|iPhone
		{0D7A5D94-6F69-42F8-8668-EBAC305CF922}.AppStore|x86.ActiveCfg = AppStore|iPhone
		{0D7A5D94-6F69-42F8-8668-EBAC305CF922}.AppStore|x86.Build.0 = AppStore|iPhone
		{0D7A5D94-6F69-42F8-8668-EBAC305CF922}.AppStore|x86.Deploy.0 = AppStore|iPhone
		{0D7A5D94-6F69-42F8-8668-EBAC305CF922}.Debug|Any CPU.ActiveCfg = Debug|iPhoneSimulator
		{0D7A5D94-6F69-42F8-8668-EBAC305CF922}.Debug|Any CPU.Build.0 = Debug|iPhoneSimulator
		{0D7A5D94-6F69-42F8-8668-EBAC305CF922}.Debug|Any CPU.Deploy.0 = Debug|iPhoneSimulator
		{0D7A5D94-6F69-42F8-8668-EBAC305CF922}.Debug|ARM.ActiveCfg = Debug|iPhone
		{0D7A5D94-6F69-42F8-8668-EBAC305CF922}.Debug|ARM.Build.0 = Debug|iPhone
		{0D7A5D94-6F69-42F8-8668-EBAC305CF922}.Debug|ARM.Deploy.0 = Debug|iPhone
		{0D7A5D94-6F69-42F8-8668-EBAC305CF922}.Debug|iPhone.ActiveCfg = Debug|iPhone
		{0D7A5D94-6F69-42F8-8668-EBAC305CF922}.Debug|iPhone.Build.0 = Debug|iPhone
		{0D7A5D94-6F69-42F8-8668-EBAC305CF922}.Debug|iPhone.Deploy.0 = Debug|iPhone
		{0D7A5D94-6F69-42F8-8668-EBAC305CF922}.Debug|iPhoneSimulator.ActiveCfg = Debug|iPhoneSimulator
		{0D7A5D94-6F69-42F8-8668-EBAC305CF922}.Debug|iPhoneSimulator.Build.0 = Debug|iPhoneSimulator
		{0D7A5D94-6F69-42F8-8668-EBAC305CF922}.Debug|iPhoneSimulator.Deploy.0 = Debug|iPhoneSimulator
		{0D7A5D94-6F69-42F8-8668-EBAC305CF922}.Debug|x64.ActiveCfg = Debug|iPhone
		{0D7A5D94-6F69-42F8-8668-EBAC305CF922}.Debug|x64.Build.0 = Debug|iPhone
		{0D7A5D94-6F69-42F8-8668-EBAC305CF922}.Debug|x64.Deploy.0 = Debug|iPhone
		{0D7A5D94-6F69-42F8-8668-EBAC305CF922}.Debug|x86.ActiveCfg = Debug|iPhone
		{0D7A5D94-6F69-42F8-8668-EBAC305CF922}.Debug|x86.Build.0 = Debug|iPhone
		{0D7A5D94-6F69-42F8-8668-EBAC305CF922}.Debug|x86.Deploy.0 = Debug|iPhone
		{0D7A5D94-6F69-42F8-8668-EBAC305CF922}.Release|Any CPU.ActiveCfg = Release|iPhone
		{0D7A5D94-6F69-42F8-8668-EBAC305CF922}.Release|Any CPU.Build.0 = Release|iPhone
		{0D7A5D94-6F69-42F8-8668-EBAC305CF922}.Release|Any CPU.Deploy.0 = Release|iPhone
		{0D7A5D94-6F69-42F8-8668-EBAC305CF922}.Release|ARM.ActiveCfg = Release|iPhone
		{0D7A5D94-6F69-42F8-8668-EBAC305CF922}.Release|ARM.Build.0 = Release|iPhone
		{0D7A5D94-6F69-42F8-8668-EBAC305CF922}.Release|ARM.Deploy.0 = Release|iPhone
		{0D7A5D94-6F69-42F8-8668-EBAC305CF922}.Release|iPhone.ActiveCfg = Release|iPhone
		{0D7A5D94-6F69-42F8-8668-EBAC305CF922}.Release|iPhone.Build.0 = Release|iPhone
		{0D7A5D94-6F69-42F8-8668-EBAC305CF922}.Release|iPhone.Deploy.0 = Release|iPhone
		{0D7A5D94-6F69-42F8-8668-EBAC305CF922}.Release|iPhoneSimulator.ActiveCfg = Release|iPhoneSimulator
		{0D7A5D94-6F69-42F8-8668-EBAC305CF922}.Release|iPhoneSimulator.Build.0 = Release|iPhoneSimulator
		{0D7A5D94-6F69-42F8-8668-EBAC305CF922}.Release|iPhoneSimulator.Deploy.0 = Release|iPhoneSimulator
		{0D7A5D94-6F69-42F8-8668-EBAC305CF922}.Release|x64.ActiveCfg = Release|iPhone
		{0D7A5D94-6F69-42F8-8668-EBAC305CF922}.Release|x64.Build.0 = Release|iPhone
		{0D7A5D94-6F69-42F8-8668-EBAC305CF922}.Release|x64.Deploy.0 = Release|iPhone
		{0D7A5D94-6F69-42F8-8668-EBAC305CF922}.Release|x86.ActiveCfg = Release|iPhone
		{0D7A5D94-6F69-42F8-8668-EBAC305CF922}.Release|x86.Build.0 = Release|iPhone
		{0D7A5D94-6F69-42F8-8668-EBAC305CF922}.Release|x86.Deploy.0 = Release|iPhone
		{7E48694A-2B41-40AE-A009-2447E4B6D070}.Ad-Hoc|Any CPU.ActiveCfg = Release|Any CPU
		{7E48694A-2B41-40AE-A009-2447E4B6D070}.Ad-Hoc|Any CPU.Build.0 = Release|Any CPU
		{7E48694A-2B41-40AE-A009-2447E4B6D070}.Ad-Hoc|Any CPU.Deploy.0 = Release|Any CPU
		{7E48694A-2B41-40AE-A009-2447E4B6D070}.Ad-Hoc|ARM.ActiveCfg = Release|Any CPU
		{7E48694A-2B41-40AE-A009-2447E4B6D070}.Ad-Hoc|ARM.Build.0 = Release|Any CPU
		{7E48694A-2B41-40AE-A009-2447E4B6D070}.Ad-Hoc|ARM.Deploy.0 = Release|Any CPU
		{7E48694A-2B41-40AE-A009-2447E4B6D070}.Ad-Hoc|iPhone.ActiveCfg = Release|Any CPU
		{7E48694A-2B41-40AE-A009-2447E4B6D070}.Ad-Hoc|iPhone.Build.0 = Release|Any CPU
		{7E48694A-2B41-40AE-A009-2447E4B6D070}.Ad-Hoc|iPhone.Deploy.0 = Release|Any CPU
		{7E48694A-2B41-40AE-A009-2447E4B6D070}.Ad-Hoc|iPhoneSimulator.ActiveCfg = Release|Any CPU
		{7E48694A-2B41-40AE-A009-2447E4B6D070}.Ad-Hoc|iPhoneSimulator.Build.0 = Release|Any CPU
		{7E48694A-2B41-40AE-A009-2447E4B6D070}.Ad-Hoc|iPhoneSimulator.Deploy.0 = Release|Any CPU
		{7E48694A-2B41-40AE-A009-2447E4B6D070}.Ad-Hoc|x64.ActiveCfg = Release|Any CPU
		{7E48694A-2B41-40AE-A009-2447E4B6D070}.Ad-Hoc|x64.Build.0 = Release|Any CPU
		{7E48694A-2B41-40AE-A009-2447E4B6D070}.Ad-Hoc|x64.Deploy.0 = Release|Any CPU
		{7E48694A-2B41-40AE-A009-2447E4B6D070}.Ad-Hoc|x86.ActiveCfg = Release|Any CPU
		{7E48694A-2B41-40AE-A009-2447E4B6D070}.Ad-Hoc|x86.Build.0 = Release|Any CPU
		{7E48694A-2B41-40AE-A009-2447E4B6D070}.Ad-Hoc|x86.Deploy.0 = Release|Any CPU
		{7E48694A-2B41-40AE-A009-2447E4B6D070}.AppStore|Any CPU.ActiveCfg = Release|Any CPU
		{7E48694A-2B41-40AE-A009-2447E4B6D070}.AppStore|Any CPU.Build.0 = Release|Any CPU
		{7E48694A-2B41-40AE-A009-2447E4B6D070}.AppStore|Any CPU.Deploy.0 = Release|Any CPU
		{7E48694A-2B41-40AE-A009-2447E4B6D070}.AppStore|ARM.ActiveCfg = Release|Any CPU
		{7E48694A-2B41-40AE-A009-2447E4B6D070}.AppStore|ARM.Build.0 = Release|Any CPU
		{7E48694A-2B41-40AE-A009-2447E4B6D070}.AppStore|ARM.Deploy.0 = Release|Any CPU
		{7E48694A-2B41-40AE-A009-2447E4B6D070}.AppStore|iPhone.ActiveCfg = Release|Any CPU
		{7E48694A-2B41-40AE-A009-2447E4B6D070}.AppStore|iPhone.Build.0 = Release|Any CPU
		{7E48694A-2B41-40AE-A009-2447E4B6D070}.AppStore|iPhone.Deploy.0 = Release|Any CPU
		{7E48694A-2B41-40AE-A009-2447E4B6D070}.AppStore|iPhoneSimulator.ActiveCfg = Release|Any CPU
		{7E48694A-2B41-40AE-A009-2447E4B6D070}.AppStore|iPhoneSimulator.Build.0 = Release|Any CPU
		{7E48694A-2B41-40AE-A009-2447E4B6D070}.AppStore|iPhoneSimulator.Deploy.0 = Release|Any CPU
		{7E48694A-2B41-40AE-A009-2447E4B6D070}.AppStore|x64.ActiveCfg = Release|Any CPU
		{7E48694A-2B41-40AE-A009-2447E4B6D070}.AppStore|x64.Build.0 = Release|Any CPU
		{7E48694A-2B41-40AE-A009-2447E4B6D070}.AppStore|x64.Deploy.0 = Release|Any CPU
		{7E48694A-2B41-40AE-A009-2447E4B6D070}.AppStore|x86.ActiveCfg = Release|Any CPU
		{7E48694A-2B41-40AE-A009-2447E4B6D070}.AppStore|x86.Build.0 = Release|Any CPU
		{7E48694A-2B41-40AE-A009-2447E4B6D070}.AppStore|x86.Deploy.0 = Release|Any CPU
		{7E48694A-2B41-40AE-A009-2447E4B6D070}.Debug|Any CPU.ActiveCfg = Debug|Any CPU
		{7E48694A-2B41-40AE-A009-2447E4B6D070}.Debug|Any CPU.Build.0 = Debug|Any CPU
		{7E48694A-2B41-40AE-A009-2447E4B6D070}.Debug|Any CPU.Deploy.0 = Debug|Any CPU
		{7E48694A-2B41-40AE-A009-2447E4B6D070}.Debug|ARM.ActiveCfg = Debug|Any CPU
		{7E48694A-2B41-40AE-A009-2447E4B6D070}.Debug|ARM.Build.0 = Debug|Any CPU
		{7E48694A-2B41-40AE-A009-2447E4B6D070}.Debug|ARM.Deploy.0 = Debug|Any CPU
		{7E48694A-2B41-40AE-A009-2447E4B6D070}.Debug|iPhone.ActiveCfg = Debug|Any CPU
		{7E48694A-2B41-40AE-A009-2447E4B6D070}.Debug|iPhone.Build.0 = Debug|Any CPU
		{7E48694A-2B41-40AE-A009-2447E4B6D070}.Debug|iPhone.Deploy.0 = Debug|Any CPU
		{7E48694A-2B41-40AE-A009-2447E4B6D070}.Debug|iPhoneSimulator.ActiveCfg = Debug|Any CPU
		{7E48694A-2B41-40AE-A009-2447E4B6D070}.Debug|iPhoneSimulator.Build.0 = Debug|Any CPU
		{7E48694A-2B41-40AE-A009-2447E4B6D070}.Debug|iPhoneSimulator.Deploy.0 = Debug|Any CPU
		{7E48694A-2B41-40AE-A009-2447E4B6D070}.Debug|x64.ActiveCfg = Debug|Any CPU
		{7E48694A-2B41-40AE-A009-2447E4B6D070}.Debug|x64.Build.0 = Debug|Any CPU
		{7E48694A-2B41-40AE-A009-2447E4B6D070}.Debug|x64.Deploy.0 = Debug|Any CPU
		{7E48694A-2B41-40AE-A009-2447E4B6D070}.Debug|x86.ActiveCfg = Debug|Any CPU
		{7E48694A-2B41-40AE-A009-2447E4B6D070}.Debug|x86.Build.0 = Debug|Any CPU
		{7E48694A-2B41-40AE-A009-2447E4B6D070}.Debug|x86.Deploy.0 = Debug|Any CPU
		{7E48694A-2B41-40AE-A009-2447E4B6D070}.Release|Any CPU.ActiveCfg = Release|Any CPU
		{7E48694A-2B41-40AE-A009-2447E4B6D070}.Release|Any CPU.Build.0 = Release|Any CPU
		{7E48694A-2B41-40AE-A009-2447E4B6D070}.Release|Any CPU.Deploy.0 = Release|Any CPU
		{7E48694A-2B41-40AE-A009-2447E4B6D070}.Release|ARM.ActiveCfg = Release|Any CPU
		{7E48694A-2B41-40AE-A009-2447E4B6D070}.Release|ARM.Build.0 = Release|Any CPU
		{7E48694A-2B41-40AE-A009-2447E4B6D070}.Release|ARM.Deploy.0 = Release|Any CPU
		{7E48694A-2B41-40AE-A009-2447E4B6D070}.Release|iPhone.ActiveCfg = Release|Any CPU
		{7E48694A-2B41-40AE-A009-2447E4B6D070}.Release|iPhone.Build.0 = Release|Any CPU
		{7E48694A-2B41-40AE-A009-2447E4B6D070}.Release|iPhone.Deploy.0 = Release|Any CPU
		{7E48694A-2B41-40AE-A009-2447E4B6D070}.Release|iPhoneSimulator.ActiveCfg = Release|Any CPU
		{7E48694A-2B41-40AE-A009-2447E4B6D070}.Release|iPhoneSimulator.Build.0 = Release|Any CPU
		{7E48694A-2B41-40AE-A009-2447E4B6D070}.Release|iPhoneSimulator.Deploy.0 = Release|Any CPU
		{7E48694A-2B41-40AE-A009-2447E4B6D070}.Release|x64.ActiveCfg = Release|Any CPU
		{7E48694A-2B41-40AE-A009-2447E4B6D070}.Release|x64.Build.0 = Release|Any CPU
		{7E48694A-2B41-40AE-A009-2447E4B6D070}.Release|x64.Deploy.0 = Release|Any CPU
		{7E48694A-2B41-40AE-A009-2447E4B6D070}.Release|x86.ActiveCfg = Release|Any CPU
		{7E48694A-2B41-40AE-A009-2447E4B6D070}.Release|x86.Build.0 = Release|Any CPU
		{7E48694A-2B41-40AE-A009-2447E4B6D070}.Release|x86.Deploy.0 = Release|Any CPU
	EndGlobalSection
	GlobalSection(SolutionProperties) = preSolution
		HideSolutionNode = FALSE
	EndGlobalSection
EndGlobal
